// !$*UTF8*$!
{
	archiveVersion = 1;
	classes = {
	};
	objectVersion = 50;
	objects = {

/* Begin PBXBuildFile section */
		7C2079EB22486419006485C0 /* ClassroomLocationViewController.swift in Sources */ = {isa = PBXBuildFile; fileRef = 7C2079EA22486419006485C0 /* ClassroomLocationViewController.swift */; };
		7C2A46BB2217537B0066D567 /* Schedule.swift in Sources */ = {isa = PBXBuildFile; fileRef = 7C2A46BA2217537B0066D567 /* Schedule.swift */; };
		7C4977792279FACB00286045 /* Style.swift in Sources */ = {isa = PBXBuildFile; fileRef = 7C4977782279FACB00286045 /* Style.swift */; };
		7C54A33A21FA68B200F6391D /* AppDelegate.swift in Sources */ = {isa = PBXBuildFile; fileRef = 7C54A33921FA68B200F6391D /* AppDelegate.swift */; };
		7C54A33F21FA68B200F6391D /* Main.storyboard in Resources */ = {isa = PBXBuildFile; fileRef = 7C54A33D21FA68B200F6391D /* Main.storyboard */; };
		7C54A34121FA68B500F6391D /* Assets.xcassets in Resources */ = {isa = PBXBuildFile; fileRef = 7C54A34021FA68B500F6391D /* Assets.xcassets */; };
		7C54A34421FA68B500F6391D /* LaunchScreen.storyboard in Resources */ = {isa = PBXBuildFile; fileRef = 7C54A34221FA68B500F6391D /* LaunchScreen.storyboard */; };
		7C54A34C21FA68F800F6391D /* PucController.swift in Sources */ = {isa = PBXBuildFile; fileRef = 7C54A34B21FA68F800F6391D /* PucController.swift */; };
		7C54A34E21FA6AC800F6391D /* Student.swift in Sources */ = {isa = PBXBuildFile; fileRef = 7C54A34D21FA6AC800F6391D /* Student.swift */; };
		7C54A35021FA6C1F00F6391D /* Extensions.swift in Sources */ = {isa = PBXBuildFile; fileRef = 7C54A34F21FA6C1F00F6391D /* Extensions.swift */; };
		7C597E642254CED700D0E3E5 /* TakenSubjectTableViewCell.swift in Sources */ = {isa = PBXBuildFile; fileRef = 7C597E632254CED700D0E3E5 /* TakenSubjectTableViewCell.swift */; };
		7C597E662254D00900D0E3E5 /* HistoryTableViewController.swift in Sources */ = {isa = PBXBuildFile; fileRef = 7C597E652254D00900D0E3E5 /* HistoryTableViewController.swift */; };
		7C88B9D3222756580034D1F8 /* WatchExtensions.swift in Sources */ = {isa = PBXBuildFile; fileRef = 7C88B9D2222756580034D1F8 /* WatchExtensions.swift */; };
		7C8A268D223EF42D00EF17E0 /* AvaSite.swift in Sources */ = {isa = PBXBuildFile; fileRef = 7C8A268C223EF42D00EF17E0 /* AvaSite.swift */; };
		7C8A269122405C7E00EF17E0 /* WeeklyScheduleTableViewCell.swift in Sources */ = {isa = PBXBuildFile; fileRef = 7C8A269022405C7E00EF17E0 /* WeeklyScheduleTableViewCell.swift */; };
		7C8A269322405DBD00EF17E0 /* WeeklyScheduleView.swift in Sources */ = {isa = PBXBuildFile; fileRef = 7C8A269222405DBD00EF17E0 /* WeeklyScheduleView.swift */; };
		7C8CB2D421FCA1A800F9FCEF /* System.swift in Sources */ = {isa = PBXBuildFile; fileRef = 7C8CB2D321FCA1A800F9FCEF /* System.swift */; };
		7C8CB2D621FCA1EF00F9FCEF /* Subjects.swift in Sources */ = {isa = PBXBuildFile; fileRef = 7C8CB2D521FCA1EF00F9FCEF /* Subjects.swift */; };
		7C8CB2D821FCA2AB00F9FCEF /* CompletedSubjects.swift in Sources */ = {isa = PBXBuildFile; fileRef = 7C8CB2D721FCA2AB00F9FCEF /* CompletedSubjects.swift */; };
		7CA2DFE0225AA0C2007FEA8E /* DescriptionViewController.swift in Sources */ = {isa = PBXBuildFile; fileRef = 7CA2DFDF225AA0C2007FEA8E /* DescriptionViewController.swift */; };
		7CC38FB822260ACB00AC193A /* Interface.storyboard in Resources */ = {isa = PBXBuildFile; fileRef = 7CC38FB622260ACB00AC193A /* Interface.storyboard */; };
		7CC38FBA22260ACD00AC193A /* Assets.xcassets in Resources */ = {isa = PBXBuildFile; fileRef = 7CC38FB922260ACD00AC193A /* Assets.xcassets */; };
		7CC38FC122260ACD00AC193A /* Puc Watch Extension.appex in Embed App Extensions */ = {isa = PBXBuildFile; fileRef = 7CC38FC022260ACD00AC193A /* Puc Watch Extension.appex */; settings = {ATTRIBUTES = (RemoveHeadersOnCopy, ); }; };
		7CC38FC622260ACD00AC193A /* InterfaceController.swift in Sources */ = {isa = PBXBuildFile; fileRef = 7CC38FC522260ACD00AC193A /* InterfaceController.swift */; };
		7CC38FC822260ACD00AC193A /* ExtensionDelegate.swift in Sources */ = {isa = PBXBuildFile; fileRef = 7CC38FC722260ACD00AC193A /* ExtensionDelegate.swift */; };
		7CC38FCA22260ACD00AC193A /* NotificationController.swift in Sources */ = {isa = PBXBuildFile; fileRef = 7CC38FC922260ACD00AC193A /* NotificationController.swift */; };
		7CC38FCC22260ACD00AC193A /* Assets.xcassets in Resources */ = {isa = PBXBuildFile; fileRef = 7CC38FCB22260ACD00AC193A /* Assets.xcassets */; };
		7CC38FD122260ACD00AC193A /* Puc Watch.app in Embed Watch Content */ = {isa = PBXBuildFile; fileRef = 7CC38FB422260ACB00AC193A /* Puc Watch.app */; };
		7CC38FDB22262FB400AC193A /* ScheduleInterfaceController.swift in Sources */ = {isa = PBXBuildFile; fileRef = 7CC38FDA22262FB400AC193A /* ScheduleInterfaceController.swift */; };
		7CC38FDD222631A700AC193A /* ClassRowController.swift in Sources */ = {isa = PBXBuildFile; fileRef = 7CC38FDC222631A700AC193A /* ClassRowController.swift */; };
		7CED6BE0223DE269002A026A /* LoginView.swift in Sources */ = {isa = PBXBuildFile; fileRef = 7CED6BDF223DE269002A026A /* LoginView.swift */; };
		7CED6BE2223DEC5D002A026A /* TodayView.swift in Sources */ = {isa = PBXBuildFile; fileRef = 7CED6BE1223DEC5D002A026A /* TodayView.swift */; };
		7CED6BE4223DEE1C002A026A /* TodaysClassesCollectionViewCell.swift in Sources */ = {isa = PBXBuildFile; fileRef = 7CED6BE3223DEE1C002A026A /* TodaysClassesCollectionViewCell.swift */; };
		7CED6BE8223DEE47002A026A /* AVACollectionViewCell.swift in Sources */ = {isa = PBXBuildFile; fileRef = 7CED6BE7223DEE47002A026A /* AVACollectionViewCell.swift */; };
		7CF49CEB22407B61004F319E /* ClassDetailViewController.swift in Sources */ = {isa = PBXBuildFile; fileRef = 7CF49CEA22407B61004F319E /* ClassDetailViewController.swift */; };
/* End PBXBuildFile section */

/* Begin PBXContainerItemProxy section */
		7CC38FC222260ACD00AC193A /* PBXContainerItemProxy */ = {
			isa = PBXContainerItemProxy;
			containerPortal = 7C54A32E21FA68B200F6391D /* Project object */;
			proxyType = 1;
			remoteGlobalIDString = 7CC38FBF22260ACD00AC193A;
			remoteInfo = "Puc Watch Extension";
		};
		7CC38FCF22260ACD00AC193A /* PBXContainerItemProxy */ = {
			isa = PBXContainerItemProxy;
			containerPortal = 7C54A32E21FA68B200F6391D /* Project object */;
			proxyType = 1;
			remoteGlobalIDString = 7CC38FB322260ACB00AC193A;
			remoteInfo = "Puc Watch";
		};
/* End PBXContainerItemProxy section */

/* Begin PBXCopyFilesBuildPhase section */
		7CC38FD722260ACD00AC193A /* Embed App Extensions */ = {
			isa = PBXCopyFilesBuildPhase;
			buildActionMask = 2147483647;
			dstPath = "";
			dstSubfolderSpec = 13;
			files = (
				7CC38FC122260ACD00AC193A /* Puc Watch Extension.appex in Embed App Extensions */,
			);
			name = "Embed App Extensions";
			runOnlyForDeploymentPostprocessing = 0;
		};
		7CC38FD922260ACD00AC193A /* Embed Watch Content */ = {
			isa = PBXCopyFilesBuildPhase;
			buildActionMask = 2147483647;
			dstPath = "$(CONTENTS_FOLDER_PATH)/Watch";
			dstSubfolderSpec = 16;
			files = (
				7CC38FD122260ACD00AC193A /* Puc Watch.app in Embed Watch Content */,
			);
			name = "Embed Watch Content";
			runOnlyForDeploymentPostprocessing = 0;
		};
/* End PBXCopyFilesBuildPhase section */

/* Begin PBXFileReference section */
		7C2079EA22486419006485C0 /* ClassroomLocationViewController.swift */ = {isa = PBXFileReference; lastKnownFileType = sourcecode.swift; path = ClassroomLocationViewController.swift; sourceTree = "<group>"; };
		7C2A46BA2217537B0066D567 /* Schedule.swift */ = {isa = PBXFileReference; lastKnownFileType = sourcecode.swift; path = Schedule.swift; sourceTree = "<group>"; };
		7C4977782279FACB00286045 /* Style.swift */ = {isa = PBXFileReference; lastKnownFileType = sourcecode.swift; path = Style.swift; sourceTree = "<group>"; };
		7C54A33621FA68B200F6391D /* PUC Clone.app */ = {isa = PBXFileReference; explicitFileType = wrapper.application; includeInIndex = 0; path = "PUC Clone.app"; sourceTree = BUILT_PRODUCTS_DIR; };
		7C54A33921FA68B200F6391D /* AppDelegate.swift */ = {isa = PBXFileReference; lastKnownFileType = sourcecode.swift; path = AppDelegate.swift; sourceTree = "<group>"; };
		7C54A33E21FA68B200F6391D /* Base */ = {isa = PBXFileReference; lastKnownFileType = file.storyboard; name = Base; path = Base.lproj/Main.storyboard; sourceTree = "<group>"; };
		7C54A34021FA68B500F6391D /* Assets.xcassets */ = {isa = PBXFileReference; lastKnownFileType = folder.assetcatalog; path = Assets.xcassets; sourceTree = "<group>"; };
		7C54A34321FA68B500F6391D /* Base */ = {isa = PBXFileReference; lastKnownFileType = file.storyboard; name = Base; path = Base.lproj/LaunchScreen.storyboard; sourceTree = "<group>"; };
		7C54A34521FA68B500F6391D /* Info.plist */ = {isa = PBXFileReference; lastKnownFileType = text.plist.xml; path = Info.plist; sourceTree = "<group>"; };
		7C54A34B21FA68F800F6391D /* PucController.swift */ = {isa = PBXFileReference; lastKnownFileType = sourcecode.swift; path = PucController.swift; sourceTree = "<group>"; };
		7C54A34D21FA6AC800F6391D /* Student.swift */ = {isa = PBXFileReference; lastKnownFileType = sourcecode.swift; path = Student.swift; sourceTree = "<group>"; };
		7C54A34F21FA6C1F00F6391D /* Extensions.swift */ = {isa = PBXFileReference; lastKnownFileType = sourcecode.swift; path = Extensions.swift; sourceTree = "<group>"; };
		7C597E632254CED700D0E3E5 /* TakenSubjectTableViewCell.swift */ = {isa = PBXFileReference; lastKnownFileType = sourcecode.swift; path = TakenSubjectTableViewCell.swift; sourceTree = "<group>"; };
		7C597E652254D00900D0E3E5 /* HistoryTableViewController.swift */ = {isa = PBXFileReference; lastKnownFileType = sourcecode.swift; path = HistoryTableViewController.swift; sourceTree = "<group>"; };
		7C88B9D2222756580034D1F8 /* WatchExtensions.swift */ = {isa = PBXFileReference; lastKnownFileType = sourcecode.swift; path = WatchExtensions.swift; sourceTree = "<group>"; };
		7C8A268C223EF42D00EF17E0 /* AvaSite.swift */ = {isa = PBXFileReference; lastKnownFileType = sourcecode.swift; path = AvaSite.swift; sourceTree = "<group>"; };
		7C8A269022405C7E00EF17E0 /* WeeklyScheduleTableViewCell.swift */ = {isa = PBXFileReference; lastKnownFileType = sourcecode.swift; path = WeeklyScheduleTableViewCell.swift; sourceTree = "<group>"; };
		7C8A269222405DBD00EF17E0 /* WeeklyScheduleView.swift */ = {isa = PBXFileReference; lastKnownFileType = sourcecode.swift; path = WeeklyScheduleView.swift; sourceTree = "<group>"; };
		7C8CB2D321FCA1A800F9FCEF /* System.swift */ = {isa = PBXFileReference; lastKnownFileType = sourcecode.swift; path = System.swift; sourceTree = "<group>"; };
		7C8CB2D521FCA1EF00F9FCEF /* Subjects.swift */ = {isa = PBXFileReference; lastKnownFileType = sourcecode.swift; path = Subjects.swift; sourceTree = "<group>"; };
		7C8CB2D721FCA2AB00F9FCEF /* CompletedSubjects.swift */ = {isa = PBXFileReference; lastKnownFileType = sourcecode.swift; path = CompletedSubjects.swift; sourceTree = "<group>"; };
		7CA2DFDF225AA0C2007FEA8E /* DescriptionViewController.swift */ = {isa = PBXFileReference; lastKnownFileType = sourcecode.swift; path = DescriptionViewController.swift; sourceTree = "<group>"; };
		7CC38FB422260ACB00AC193A /* Puc Watch.app */ = {isa = PBXFileReference; explicitFileType = wrapper.application; includeInIndex = 0; path = "Puc Watch.app"; sourceTree = BUILT_PRODUCTS_DIR; };
		7CC38FB722260ACB00AC193A /* Base */ = {isa = PBXFileReference; lastKnownFileType = file.storyboard; name = Base; path = Base.lproj/Interface.storyboard; sourceTree = "<group>"; };
		7CC38FB922260ACD00AC193A /* Assets.xcassets */ = {isa = PBXFileReference; lastKnownFileType = folder.assetcatalog; path = Assets.xcassets; sourceTree = "<group>"; };
		7CC38FBB22260ACD00AC193A /* Info.plist */ = {isa = PBXFileReference; lastKnownFileType = text.plist.xml; path = Info.plist; sourceTree = "<group>"; };
		7CC38FC022260ACD00AC193A /* Puc Watch Extension.appex */ = {isa = PBXFileReference; explicitFileType = "wrapper.app-extension"; includeInIndex = 0; path = "Puc Watch Extension.appex"; sourceTree = BUILT_PRODUCTS_DIR; };
		7CC38FC522260ACD00AC193A /* InterfaceController.swift */ = {isa = PBXFileReference; lastKnownFileType = sourcecode.swift; path = InterfaceController.swift; sourceTree = "<group>"; };
		7CC38FC722260ACD00AC193A /* ExtensionDelegate.swift */ = {isa = PBXFileReference; lastKnownFileType = sourcecode.swift; path = ExtensionDelegate.swift; sourceTree = "<group>"; };
		7CC38FC922260ACD00AC193A /* NotificationController.swift */ = {isa = PBXFileReference; lastKnownFileType = sourcecode.swift; path = NotificationController.swift; sourceTree = "<group>"; };
		7CC38FCB22260ACD00AC193A /* Assets.xcassets */ = {isa = PBXFileReference; lastKnownFileType = folder.assetcatalog; path = Assets.xcassets; sourceTree = "<group>"; };
		7CC38FCD22260ACD00AC193A /* Info.plist */ = {isa = PBXFileReference; lastKnownFileType = text.plist.xml; path = Info.plist; sourceTree = "<group>"; };
		7CC38FCE22260ACD00AC193A /* PushNotificationPayload.apns */ = {isa = PBXFileReference; lastKnownFileType = text; path = PushNotificationPayload.apns; sourceTree = "<group>"; };
		7CC38FDA22262FB400AC193A /* ScheduleInterfaceController.swift */ = {isa = PBXFileReference; lastKnownFileType = sourcecode.swift; path = ScheduleInterfaceController.swift; sourceTree = "<group>"; };
		7CC38FDC222631A700AC193A /* ClassRowController.swift */ = {isa = PBXFileReference; lastKnownFileType = sourcecode.swift; path = ClassRowController.swift; sourceTree = "<group>"; };
		7CED6BDF223DE269002A026A /* LoginView.swift */ = {isa = PBXFileReference; lastKnownFileType = sourcecode.swift; path = LoginView.swift; sourceTree = "<group>"; };
		7CED6BE1223DEC5D002A026A /* TodayView.swift */ = {isa = PBXFileReference; lastKnownFileType = sourcecode.swift; path = TodayView.swift; sourceTree = "<group>"; };
		7CED6BE3223DEE1C002A026A /* TodaysClassesCollectionViewCell.swift */ = {isa = PBXFileReference; lastKnownFileType = sourcecode.swift; path = TodaysClassesCollectionViewCell.swift; sourceTree = "<group>"; };
		7CED6BE7223DEE47002A026A /* AVACollectionViewCell.swift */ = {isa = PBXFileReference; lastKnownFileType = sourcecode.swift; path = AVACollectionViewCell.swift; sourceTree = "<group>"; };
		7CF49CEA22407B61004F319E /* ClassDetailViewController.swift */ = {isa = PBXFileReference; lastKnownFileType = sourcecode.swift; path = ClassDetailViewController.swift; sourceTree = "<group>"; };
/* End PBXFileReference section */

/* Begin PBXFrameworksBuildPhase section */
		4927DAC89C777BD3E6D244F5 /* Frameworks */ = {
			isa = PBXFrameworksBuildPhase;
			buildActionMask = 2147483647;
			files = (
			);
			runOnlyForDeploymentPostprocessing = 0;
		};
		7C54A33321FA68B200F6391D /* Frameworks */ = {
			isa = PBXFrameworksBuildPhase;
			buildActionMask = 2147483647;
			files = (
			);
			runOnlyForDeploymentPostprocessing = 0;
		};
		7CC38FBD22260ACD00AC193A /* Frameworks */ = {
			isa = PBXFrameworksBuildPhase;
			buildActionMask = 2147483647;
			files = (
			);
			runOnlyForDeploymentPostprocessing = 0;
		};
/* End PBXFrameworksBuildPhase section */

/* Begin PBXGroup section */
		7C0CB226220E64B900E4F9E2 /* Support Files */ = {
			isa = PBXGroup;
			children = (
				7C54A33921FA68B200F6391D /* AppDelegate.swift */,
				7C54A34F21FA6C1F00F6391D /* Extensions.swift */,
				7C4977782279FACB00286045 /* Style.swift */,
				7C54A34021FA68B500F6391D /* Assets.xcassets */,
			);
			path = "Support Files";
			sourceTree = "<group>";
		};
		7C54A32D21FA68B200F6391D = {
			isa = PBXGroup;
			children = (
				7C54A33821FA68B200F6391D /* PUC Clone */,
				7CC38FB522260ACB00AC193A /* Puc Watch */,
				7CC38FC422260ACD00AC193A /* Puc Watch Extension */,
				7C54A33721FA68B200F6391D /* Products */,
			);
			sourceTree = "<group>";
		};
		7C54A33721FA68B200F6391D /* Products */ = {
			isa = PBXGroup;
			children = (
				7C54A33621FA68B200F6391D /* PUC Clone.app */,
				7CC38FB422260ACB00AC193A /* Puc Watch.app */,
				7CC38FC022260ACD00AC193A /* Puc Watch Extension.appex */,
			);
			name = Products;
			sourceTree = "<group>";
		};
		7C54A33821FA68B200F6391D /* PUC Clone */ = {
			isa = PBXGroup;
			children = (
				7C54A34521FA68B500F6391D /* Info.plist */,
				7CED6BDE223DE247002A026A /* Views */,
				7C8CB2D021FCA17B00F9FCEF /* Classes */,
				7C0CB226220E64B900E4F9E2 /* Support Files */,
				7C54A33D21FA68B200F6391D /* Main.storyboard */,
				7C54A34B21FA68F800F6391D /* PucController.swift */,
				7C54A34221FA68B500F6391D /* LaunchScreen.storyboard */,
			);
			path = "PUC Clone";
			sourceTree = "<group>";
		};
		7C8CB2D021FCA17B00F9FCEF /* Classes */ = {
			isa = PBXGroup;
			children = (
				7C2A46BA2217537B0066D567 /* Schedule.swift */,
				7C54A34D21FA6AC800F6391D /* Student.swift */,
				7C8CB2D721FCA2AB00F9FCEF /* CompletedSubjects.swift */,
				7C8CB2D521FCA1EF00F9FCEF /* Subjects.swift */,
				7C8CB2D321FCA1A800F9FCEF /* System.swift */,
				7C8A268C223EF42D00EF17E0 /* AvaSite.swift */,
			);
			name = Classes;
			path = ..;
			sourceTree = "<group>";
		};
		7CC38FB522260ACB00AC193A /* Puc Watch */ = {
			isa = PBXGroup;
			children = (
				7CC38FB622260ACB00AC193A /* Interface.storyboard */,
				7CC38FB922260ACD00AC193A /* Assets.xcassets */,
				7CC38FBB22260ACD00AC193A /* Info.plist */,
			);
			path = "Puc Watch";
			sourceTree = "<group>";
		};
		7CC38FC422260ACD00AC193A /* Puc Watch Extension */ = {
			isa = PBXGroup;
			children = (
				7CC38FC522260ACD00AC193A /* InterfaceController.swift */,
				7CC38FC722260ACD00AC193A /* ExtensionDelegate.swift */,
				7CC38FC922260ACD00AC193A /* NotificationController.swift */,
				7CC38FCB22260ACD00AC193A /* Assets.xcassets */,
				7CC38FCD22260ACD00AC193A /* Info.plist */,
				7CC38FCE22260ACD00AC193A /* PushNotificationPayload.apns */,
				7CC38FDA22262FB400AC193A /* ScheduleInterfaceController.swift */,
				7CC38FDC222631A700AC193A /* ClassRowController.swift */,
				7C88B9D2222756580034D1F8 /* WatchExtensions.swift */,
			);
			path = "Puc Watch Extension";
			sourceTree = "<group>";
		};
		7CED6BDE223DE247002A026A /* Views */ = {
			isa = PBXGroup;
			children = (
				7C2079EA22486419006485C0 /* ClassroomLocationViewController.swift */,
				7CED6BDF223DE269002A026A /* LoginView.swift */,
				7CED6BE1223DEC5D002A026A /* TodayView.swift */,
				7CED6BE3223DEE1C002A026A /* TodaysClassesCollectionViewCell.swift */,
				7CED6BE7223DEE47002A026A /* AVACollectionViewCell.swift */,
				7C8A269022405C7E00EF17E0 /* WeeklyScheduleTableViewCell.swift */,
				7C8A269222405DBD00EF17E0 /* WeeklyScheduleView.swift */,
				7CF49CEA22407B61004F319E /* ClassDetailViewController.swift */,
				7CA2DFDF225AA0C2007FEA8E /* DescriptionViewController.swift */,
				7C597E632254CED700D0E3E5 /* TakenSubjectTableViewCell.swift */,
				7C597E652254D00900D0E3E5 /* HistoryTableViewController.swift */,
			);
			path = Views;
			sourceTree = "<group>";
		};
/* End PBXGroup section */

/* Begin PBXNativeTarget section */
		7C54A33521FA68B200F6391D /* PUC Clone */ = {
			isa = PBXNativeTarget;
			buildConfigurationList = 7C54A34821FA68B500F6391D /* Build configuration list for PBXNativeTarget "PUC Clone" */;
			buildPhases = (
				7C54A33221FA68B200F6391D /* Sources */,
				7C54A33321FA68B200F6391D /* Frameworks */,
				7C54A33421FA68B200F6391D /* Resources */,
				7CC38FD922260ACD00AC193A /* Embed Watch Content */,
			);
			buildRules = (
			);
			dependencies = (
				7CC38FD022260ACD00AC193A /* PBXTargetDependency */,
			);
			name = "PUC Clone";
			productName = "PUC Clone";
			productReference = 7C54A33621FA68B200F6391D /* PUC Clone.app */;
			productType = "com.apple.product-type.application";
		};
		7CC38FB322260ACB00AC193A /* Puc Watch */ = {
			isa = PBXNativeTarget;
			buildConfigurationList = 7CC38FD822260ACD00AC193A /* Build configuration list for PBXNativeTarget "Puc Watch" */;
			buildPhases = (
				7CC38FB222260ACB00AC193A /* Resources */,
				7CC38FD722260ACD00AC193A /* Embed App Extensions */,
				4927DAC89C777BD3E6D244F5 /* Frameworks */,
			);
			buildRules = (
			);
			dependencies = (
				7CC38FC322260ACD00AC193A /* PBXTargetDependency */,
			);
			name = "Puc Watch";
			productName = "Puc Watch";
			productReference = 7CC38FB422260ACB00AC193A /* Puc Watch.app */;
			productType = "com.apple.product-type.application.watchapp2";
		};
		7CC38FBF22260ACD00AC193A /* Puc Watch Extension */ = {
			isa = PBXNativeTarget;
			buildConfigurationList = 7CC38FD622260ACD00AC193A /* Build configuration list for PBXNativeTarget "Puc Watch Extension" */;
			buildPhases = (
				7CC38FBC22260ACD00AC193A /* Sources */,
				7CC38FBD22260ACD00AC193A /* Frameworks */,
				7CC38FBE22260ACD00AC193A /* Resources */,
			);
			buildRules = (
			);
			dependencies = (
			);
			name = "Puc Watch Extension";
			productName = "Puc Watch Extension";
			productReference = 7CC38FC022260ACD00AC193A /* Puc Watch Extension.appex */;
			productType = "com.apple.product-type.watchkit2-extension";
		};
/* End PBXNativeTarget section */

/* Begin PBXProject section */
		7C54A32E21FA68B200F6391D /* Project object */ = {
			isa = PBXProject;
			attributes = {
				LastSwiftUpdateCheck = 1010;
				LastUpgradeCheck = 1010;
				ORGANIZATIONNAME = "Tomas Martins";
				TargetAttributes = {
					7C54A33521FA68B200F6391D = {
						CreatedOnToolsVersion = 10.1;
						LastSwiftMigration = 1020;
					};
					7CC38FB322260ACB00AC193A = {
						CreatedOnToolsVersion = 10.1;
					};
					7CC38FBF22260ACD00AC193A = {
						CreatedOnToolsVersion = 10.1;
						LastSwiftMigration = 1020;
					};
				};
			};
			buildConfigurationList = 7C54A33121FA68B200F6391D /* Build configuration list for PBXProject "PUC Clone" */;
			compatibilityVersion = "Xcode 9.3";
			developmentRegion = en;
			hasScannedForEncodings = 0;
			knownRegions = (
				en,
				Base,
			);
			mainGroup = 7C54A32D21FA68B200F6391D;
			productRefGroup = 7C54A33721FA68B200F6391D /* Products */;
			projectDirPath = "";
			projectRoot = "";
			targets = (
				7C54A33521FA68B200F6391D /* PUC Clone */,
				7CC38FB322260ACB00AC193A /* Puc Watch */,
				7CC38FBF22260ACD00AC193A /* Puc Watch Extension */,
			);
		};
/* End PBXProject section */

/* Begin PBXResourcesBuildPhase section */
		7C54A33421FA68B200F6391D /* Resources */ = {
			isa = PBXResourcesBuildPhase;
			buildActionMask = 2147483647;
			files = (
				7C54A34421FA68B500F6391D /* LaunchScreen.storyboard in Resources */,
				7C54A34121FA68B500F6391D /* Assets.xcassets in Resources */,
				7C54A33F21FA68B200F6391D /* Main.storyboard in Resources */,
			);
			runOnlyForDeploymentPostprocessing = 0;
		};
		7CC38FB222260ACB00AC193A /* Resources */ = {
			isa = PBXResourcesBuildPhase;
			buildActionMask = 2147483647;
			files = (
				7CC38FBA22260ACD00AC193A /* Assets.xcassets in Resources */,
				7CC38FB822260ACB00AC193A /* Interface.storyboard in Resources */,
			);
			runOnlyForDeploymentPostprocessing = 0;
		};
		7CC38FBE22260ACD00AC193A /* Resources */ = {
			isa = PBXResourcesBuildPhase;
			buildActionMask = 2147483647;
			files = (
				7CC38FCC22260ACD00AC193A /* Assets.xcassets in Resources */,
			);
			runOnlyForDeploymentPostprocessing = 0;
		};
/* End PBXResourcesBuildPhase section */

/* Begin PBXSourcesBuildPhase section */
		7C54A33221FA68B200F6391D /* Sources */ = {
			isa = PBXSourcesBuildPhase;
			buildActionMask = 2147483647;
			files = (
				7C8CB2D621FCA1EF00F9FCEF /* Subjects.swift in Sources */,
				7CED6BE4223DEE1C002A026A /* TodaysClassesCollectionViewCell.swift in Sources */,
				7CF49CEB22407B61004F319E /* ClassDetailViewController.swift in Sources */,
				7C2A46BB2217537B0066D567 /* Schedule.swift in Sources */,
				7C54A35021FA6C1F00F6391D /* Extensions.swift in Sources */,
				7C8CB2D821FCA2AB00F9FCEF /* CompletedSubjects.swift in Sources */,
				7C8A269322405DBD00EF17E0 /* WeeklyScheduleView.swift in Sources */,
				7C2079EB22486419006485C0 /* ClassroomLocationViewController.swift in Sources */,
				7C597E662254D00900D0E3E5 /* HistoryTableViewController.swift in Sources */,
				7CED6BE2223DEC5D002A026A /* TodayView.swift in Sources */,
				7C597E642254CED700D0E3E5 /* TakenSubjectTableViewCell.swift in Sources */,
				7C54A34C21FA68F800F6391D /* PucController.swift in Sources */,
				7C54A33A21FA68B200F6391D /* AppDelegate.swift in Sources */,
				7CA2DFE0225AA0C2007FEA8E /* DescriptionViewController.swift in Sources */,
				7C8CB2D421FCA1A800F9FCEF /* System.swift in Sources */,
				7CED6BE0223DE269002A026A /* LoginView.swift in Sources */,
				7CED6BE8223DEE47002A026A /* AVACollectionViewCell.swift in Sources */,
				7C8A269122405C7E00EF17E0 /* WeeklyScheduleTableViewCell.swift in Sources */,
				7C8A268D223EF42D00EF17E0 /* AvaSite.swift in Sources */,
				7C4977792279FACB00286045 /* Style.swift in Sources */,
				7C54A34E21FA6AC800F6391D /* Student.swift in Sources */,
			);
			runOnlyForDeploymentPostprocessing = 0;
		};
		7CC38FBC22260ACD00AC193A /* Sources */ = {
			isa = PBXSourcesBuildPhase;
			buildActionMask = 2147483647;
			files = (
				7CC38FCA22260ACD00AC193A /* NotificationController.swift in Sources */,
				7CC38FDD222631A700AC193A /* ClassRowController.swift in Sources */,
				7CC38FC822260ACD00AC193A /* ExtensionDelegate.swift in Sources */,
				7CC38FDB22262FB400AC193A /* ScheduleInterfaceController.swift in Sources */,
				7C88B9D3222756580034D1F8 /* WatchExtensions.swift in Sources */,
				7CC38FC622260ACD00AC193A /* InterfaceController.swift in Sources */,
			);
			runOnlyForDeploymentPostprocessing = 0;
		};
/* End PBXSourcesBuildPhase section */

/* Begin PBXTargetDependency section */
		7CC38FC322260ACD00AC193A /* PBXTargetDependency */ = {
			isa = PBXTargetDependency;
			target = 7CC38FBF22260ACD00AC193A /* Puc Watch Extension */;
			targetProxy = 7CC38FC222260ACD00AC193A /* PBXContainerItemProxy */;
		};
		7CC38FD022260ACD00AC193A /* PBXTargetDependency */ = {
			isa = PBXTargetDependency;
			target = 7CC38FB322260ACB00AC193A /* Puc Watch */;
			targetProxy = 7CC38FCF22260ACD00AC193A /* PBXContainerItemProxy */;
		};
/* End PBXTargetDependency section */

/* Begin PBXVariantGroup section */
		7C54A33D21FA68B200F6391D /* Main.storyboard */ = {
			isa = PBXVariantGroup;
			children = (
				7C54A33E21FA68B200F6391D /* Base */,
			);
			name = Main.storyboard;
			sourceTree = "<group>";
		};
		7C54A34221FA68B500F6391D /* LaunchScreen.storyboard */ = {
			isa = PBXVariantGroup;
			children = (
				7C54A34321FA68B500F6391D /* Base */,
			);
			name = LaunchScreen.storyboard;
			sourceTree = "<group>";
		};
		7CC38FB622260ACB00AC193A /* Interface.storyboard */ = {
			isa = PBXVariantGroup;
			children = (
				7CC38FB722260ACB00AC193A /* Base */,
			);
			name = Interface.storyboard;
			sourceTree = "<group>";
		};
/* End PBXVariantGroup section */

/* Begin XCBuildConfiguration section */
		7C54A34621FA68B500F6391D /* Debug */ = {
			isa = XCBuildConfiguration;
			buildSettings = {
				ALWAYS_SEARCH_USER_PATHS = NO;
				CLANG_ANALYZER_NONNULL = YES;
				CLANG_ANALYZER_NUMBER_OBJECT_CONVERSION = YES_AGGRESSIVE;
				CLANG_CXX_LANGUAGE_STANDARD = "gnu++14";
				CLANG_CXX_LIBRARY = "libc++";
				CLANG_ENABLE_MODULES = YES;
				CLANG_ENABLE_OBJC_ARC = YES;
				CLANG_ENABLE_OBJC_WEAK = YES;
				CLANG_WARN_BLOCK_CAPTURE_AUTORELEASING = YES;
				CLANG_WARN_BOOL_CONVERSION = YES;
				CLANG_WARN_COMMA = YES;
				CLANG_WARN_CONSTANT_CONVERSION = YES;
				CLANG_WARN_DEPRECATED_OBJC_IMPLEMENTATIONS = YES;
				CLANG_WARN_DIRECT_OBJC_ISA_USAGE = YES_ERROR;
				CLANG_WARN_DOCUMENTATION_COMMENTS = YES;
				CLANG_WARN_EMPTY_BODY = YES;
				CLANG_WARN_ENUM_CONVERSION = YES;
				CLANG_WARN_INFINITE_RECURSION = YES;
				CLANG_WARN_INT_CONVERSION = YES;
				CLANG_WARN_NON_LITERAL_NULL_CONVERSION = YES;
				CLANG_WARN_OBJC_IMPLICIT_RETAIN_SELF = YES;
				CLANG_WARN_OBJC_LITERAL_CONVERSION = YES;
				CLANG_WARN_OBJC_ROOT_CLASS = YES_ERROR;
				CLANG_WARN_RANGE_LOOP_ANALYSIS = YES;
				CLANG_WARN_STRICT_PROTOTYPES = YES;
				CLANG_WARN_SUSPICIOUS_MOVE = YES;
				CLANG_WARN_UNGUARDED_AVAILABILITY = YES_AGGRESSIVE;
				CLANG_WARN_UNREACHABLE_CODE = YES;
				CLANG_WARN__DUPLICATE_METHOD_MATCH = YES;
				CODE_SIGN_IDENTITY = "iPhone Developer";
				COPY_PHASE_STRIP = NO;
				DEBUG_INFORMATION_FORMAT = dwarf;
				ENABLE_STRICT_OBJC_MSGSEND = YES;
				ENABLE_TESTABILITY = YES;
				GCC_C_LANGUAGE_STANDARD = gnu11;
				GCC_DYNAMIC_NO_PIC = NO;
				GCC_NO_COMMON_BLOCKS = YES;
				GCC_OPTIMIZATION_LEVEL = 0;
				GCC_PREPROCESSOR_DEFINITIONS = (
					"DEBUG=1",
					"$(inherited)",
				);
				GCC_WARN_64_TO_32_BIT_CONVERSION = YES;
				GCC_WARN_ABOUT_RETURN_TYPE = YES_ERROR;
				GCC_WARN_UNDECLARED_SELECTOR = YES;
				GCC_WARN_UNINITIALIZED_AUTOS = YES_AGGRESSIVE;
				GCC_WARN_UNUSED_FUNCTION = YES;
				GCC_WARN_UNUSED_VARIABLE = YES;
				IPHONEOS_DEPLOYMENT_TARGET = 12.1;
				MTL_ENABLE_DEBUG_INFO = INCLUDE_SOURCE;
				MTL_FAST_MATH = YES;
				ONLY_ACTIVE_ARCH = YES;
				SDKROOT = iphoneos;
				SWIFT_ACTIVE_COMPILATION_CONDITIONS = DEBUG;
				SWIFT_OPTIMIZATION_LEVEL = "-Onone";
			};
			name = Debug;
		};
		7C54A34721FA68B500F6391D /* Release */ = {
			isa = XCBuildConfiguration;
			buildSettings = {
				ALWAYS_SEARCH_USER_PATHS = NO;
				CLANG_ANALYZER_NONNULL = YES;
				CLANG_ANALYZER_NUMBER_OBJECT_CONVERSION = YES_AGGRESSIVE;
				CLANG_CXX_LANGUAGE_STANDARD = "gnu++14";
				CLANG_CXX_LIBRARY = "libc++";
				CLANG_ENABLE_MODULES = YES;
				CLANG_ENABLE_OBJC_ARC = YES;
				CLANG_ENABLE_OBJC_WEAK = YES;
				CLANG_WARN_BLOCK_CAPTURE_AUTORELEASING = YES;
				CLANG_WARN_BOOL_CONVERSION = YES;
				CLANG_WARN_COMMA = YES;
				CLANG_WARN_CONSTANT_CONVERSION = YES;
				CLANG_WARN_DEPRECATED_OBJC_IMPLEMENTATIONS = YES;
				CLANG_WARN_DIRECT_OBJC_ISA_USAGE = YES_ERROR;
				CLANG_WARN_DOCUMENTATION_COMMENTS = YES;
				CLANG_WARN_EMPTY_BODY = YES;
				CLANG_WARN_ENUM_CONVERSION = YES;
				CLANG_WARN_INFINITE_RECURSION = YES;
				CLANG_WARN_INT_CONVERSION = YES;
				CLANG_WARN_NON_LITERAL_NULL_CONVERSION = YES;
				CLANG_WARN_OBJC_IMPLICIT_RETAIN_SELF = YES;
				CLANG_WARN_OBJC_LITERAL_CONVERSION = YES;
				CLANG_WARN_OBJC_ROOT_CLASS = YES_ERROR;
				CLANG_WARN_RANGE_LOOP_ANALYSIS = YES;
				CLANG_WARN_STRICT_PROTOTYPES = YES;
				CLANG_WARN_SUSPICIOUS_MOVE = YES;
				CLANG_WARN_UNGUARDED_AVAILABILITY = YES_AGGRESSIVE;
				CLANG_WARN_UNREACHABLE_CODE = YES;
				CLANG_WARN__DUPLICATE_METHOD_MATCH = YES;
				CODE_SIGN_IDENTITY = "iPhone Developer";
				COPY_PHASE_STRIP = NO;
				DEBUG_INFORMATION_FORMAT = "dwarf-with-dsym";
				ENABLE_NS_ASSERTIONS = NO;
				ENABLE_STRICT_OBJC_MSGSEND = YES;
				GCC_C_LANGUAGE_STANDARD = gnu11;
				GCC_NO_COMMON_BLOCKS = YES;
				GCC_WARN_64_TO_32_BIT_CONVERSION = YES;
				GCC_WARN_ABOUT_RETURN_TYPE = YES_ERROR;
				GCC_WARN_UNDECLARED_SELECTOR = YES;
				GCC_WARN_UNINITIALIZED_AUTOS = YES_AGGRESSIVE;
				GCC_WARN_UNUSED_FUNCTION = YES;
				GCC_WARN_UNUSED_VARIABLE = YES;
				IPHONEOS_DEPLOYMENT_TARGET = 12.1;
				MTL_ENABLE_DEBUG_INFO = NO;
				MTL_FAST_MATH = YES;
				SDKROOT = iphoneos;
				SWIFT_COMPILATION_MODE = wholemodule;
				SWIFT_OPTIMIZATION_LEVEL = "-O";
				VALIDATE_PRODUCT = YES;
			};
			name = Release;
		};
		7C54A34921FA68B500F6391D /* Debug */ = {
			isa = XCBuildConfiguration;
			buildSettings = {
				ASSETCATALOG_COMPILER_APPICON_NAME = AppIcon;
				CODE_SIGN_STYLE = Automatic;
				DEVELOPMENT_TEAM = ZTGHLM6H83;
				INFOPLIST_FILE = "PUC Clone/Info.plist";
				LD_RUNPATH_SEARCH_PATHS = (
					"$(inherited)",
					"@executable_path/Frameworks",
				);
				PRODUCT_BUNDLE_IDENTIFIER = "tfmartins.PUC-Clone";
				PRODUCT_NAME = "$(TARGET_NAME)";
				SWIFT_VERSION = 4.2;
				TARGETED_DEVICE_FAMILY = 1;
			};
			name = Debug;
		};
		7C54A34A21FA68B500F6391D /* Release */ = {
			isa = XCBuildConfiguration;
			buildSettings = {
				ASSETCATALOG_COMPILER_APPICON_NAME = AppIcon;
				CODE_SIGN_STYLE = Automatic;
				DEVELOPMENT_TEAM = ZTGHLM6H83;
				INFOPLIST_FILE = "PUC Clone/Info.plist";
				LD_RUNPATH_SEARCH_PATHS = (
					"$(inherited)",
					"@executable_path/Frameworks",
				);
				PRODUCT_BUNDLE_IDENTIFIER = "tfmartins.PUC-Clone";
				PRODUCT_NAME = "$(TARGET_NAME)";
				SWIFT_VERSION = 4.2;
				TARGETED_DEVICE_FAMILY = 1;
			};
			name = Release;
		};
		7CC38FD222260ACD00AC193A /* Debug */ = {
			isa = XCBuildConfiguration;
			buildSettings = {
				ALWAYS_EMBED_SWIFT_STANDARD_LIBRARIES = YES;
				ASSETCATALOG_COMPILER_APPICON_NAME = AppIcon;
				CODE_SIGN_STYLE = Automatic;
				DEVELOPMENT_TEAM = ZTGHLM6H83;
				IBSC_MODULE = Puc_Watch_Extension;
				INFOPLIST_FILE = "Puc Watch/Info.plist";
				PRODUCT_BUNDLE_IDENTIFIER = "tfmartins.PUC-Clone.watchkitapp";
				PRODUCT_NAME = "$(TARGET_NAME)";
				SDKROOT = watchos;
				SKIP_INSTALL = YES;
				SWIFT_VERSION = 4.2;
				TARGETED_DEVICE_FAMILY = 4;
				WATCHOS_DEPLOYMENT_TARGET = 5.1;
			};
			name = Debug;
		};
		7CC38FD322260ACD00AC193A /* Release */ = {
			isa = XCBuildConfiguration;
			buildSettings = {
				ALWAYS_EMBED_SWIFT_STANDARD_LIBRARIES = YES;
				ASSETCATALOG_COMPILER_APPICON_NAME = AppIcon;
				CODE_SIGN_STYLE = Automatic;
				DEVELOPMENT_TEAM = ZTGHLM6H83;
				IBSC_MODULE = Puc_Watch_Extension;
				INFOPLIST_FILE = "Puc Watch/Info.plist";
				PRODUCT_BUNDLE_IDENTIFIER = "tfmartins.PUC-Clone.watchkitapp";
				PRODUCT_NAME = "$(TARGET_NAME)";
				SDKROOT = watchos;
				SKIP_INSTALL = YES;
				SWIFT_VERSION = 4.2;
				TARGETED_DEVICE_FAMILY = 4;
				WATCHOS_DEPLOYMENT_TARGET = 5.1;
			};
			name = Release;
		};
		7CC38FD422260ACD00AC193A /* Debug */ = {
			isa = XCBuildConfiguration;
			buildSettings = {
				ASSETCATALOG_COMPILER_COMPLICATION_NAME = Complication;
				CODE_SIGN_STYLE = Automatic;
				DEVELOPMENT_TEAM = ZTGHLM6H83;
				INFOPLIST_FILE = "Puc Watch Extension/Info.plist";
				LD_RUNPATH_SEARCH_PATHS = (
					"$(inherited)",
					"@executable_path/Frameworks",
					"@executable_path/../../Frameworks",
				);
				PRODUCT_BUNDLE_IDENTIFIER = "tfmartins.PUC-Clone.watchkitapp.watchkitextension";
				PRODUCT_NAME = "${TARGET_NAME}";
				SDKROOT = watchos;
				SKIP_INSTALL = YES;
				SWIFT_VERSION = 4.2;
				TARGETED_DEVICE_FAMILY = 4;
				WATCHOS_DEPLOYMENT_TARGET = 5.1;
			};
			name = Debug;
		};
		7CC38FD522260ACD00AC193A /* Release */ = {
			isa = XCBuildConfiguration;
			buildSettings = {
				ASSETCATALOG_COMPILER_COMPLICATION_NAME = Complication;
				CODE_SIGN_STYLE = Automatic;
				DEVELOPMENT_TEAM = ZTGHLM6H83;
				INFOPLIST_FILE = "Puc Watch Extension/Info.plist";
				LD_RUNPATH_SEARCH_PATHS = (
					"$(inherited)",
					"@executable_path/Frameworks",
					"@executable_path/../../Frameworks",
				);
				PRODUCT_BUNDLE_IDENTIFIER = "tfmartins.PUC-Clone.watchkitapp.watchkitextension";
				PRODUCT_NAME = "${TARGET_NAME}";
				SDKROOT = watchos;
				SKIP_INSTALL = YES;
				SWIFT_VERSION = 4.2;
				TARGETED_DEVICE_FAMILY = 4;
				WATCHOS_DEPLOYMENT_TARGET = 5.1;
			};
			name = Release;
		};
/* End XCBuildConfiguration section */

/* Begin XCConfigurationList section */
		7C54A33121FA68B200F6391D /* Build configuration list for PBXProject "PUC Clone" */ = {
			isa = XCConfigurationList;
			buildConfigurations = (
				7C54A34621FA68B500F6391D /* Debug */,
				7C54A34721FA68B500F6391D /* Release */,
			);
			defaultConfigurationIsVisible = 0;
			defaultConfigurationName = Release;
		};
		7C54A34821FA68B500F6391D /* Build configuration list for PBXNativeTarget "PUC Clone" */ = {
			isa = XCConfigurationList;
			buildConfigurations = (
				7C54A34921FA68B500F6391D /* Debug */,
				7C54A34A21FA68B500F6391D /* Release */,
			);
			defaultConfigurationIsVisible = 0;
			defaultConfigurationName = Release;
		};
		7CC38FD622260ACD00AC193A /* Build configuration list for PBXNativeTarget "Puc Watch Extension" */ = {
			isa = XCConfigurationList;
			buildConfigurations = (
				7CC38FD422260ACD00AC193A /* Debug */,
				7CC38FD522260ACD00AC193A /* Release */,
			);
			defaultConfigurationIsVisible = 0;
			defaultConfigurationName = Release;
		};
		7CC38FD822260ACD00AC193A /* Build configuration list for PBXNativeTarget "Puc Watch" */ = {
			isa = XCConfigurationList;
			buildConfigurations = (
				7CC38FD222260ACD00AC193A /* Debug */,
				7CC38FD322260ACD00AC193A /* Release */,
			);
			defaultConfigurationIsVisible = 0;
			defaultConfigurationName = Release;
		};
/* End XCConfigurationList section */
	};
	rootObject = 7C54A32E21FA68B200F6391D /* Project object */;
}
